// !$*UTF8*$!
{
	archiveVersion = 1;
	classes = {
	};
	objectVersion = 56;
	objects = {

/* Begin PBXBuildFile section */
		BB24630128B636C20016DC4C /* AppDelegate.swift in Sources */ = {isa = PBXBuildFile; fileRef = BB24630028B636C20016DC4C /* AppDelegate.swift */; };
		BB24630328B636C20016DC4C /* SceneDelegate.swift in Sources */ = {isa = PBXBuildFile; fileRef = BB24630228B636C20016DC4C /* SceneDelegate.swift */; };
		BB24630528B636C20016DC4C /* ViewController.swift in Sources */ = {isa = PBXBuildFile; fileRef = BB24630428B636C20016DC4C /* ViewController.swift */; };
		BB24630828B636C20016DC4C /* Main.storyboard in Resources */ = {isa = PBXBuildFile; fileRef = BB24630628B636C20016DC4C /* Main.storyboard */; };
		BB24630A28B636C30016DC4C /* Assets.xcassets in Resources */ = {isa = PBXBuildFile; fileRef = BB24630928B636C30016DC4C /* Assets.xcassets */; };
		BB24630D28B636C30016DC4C /* LaunchScreen.storyboard in Resources */ = {isa = PBXBuildFile; fileRef = BB24630B28B636C30016DC4C /* LaunchScreen.storyboard */; };
		BB24893E28B76F60007D7523 /* Formula1-Bold.ttf in Resources */ = {isa = PBXBuildFile; fileRef = BB24893C28B76F60007D7523 /* Formula1-Bold.ttf */; };
		BB24893F28B76F60007D7523 /* Formula1-Regular.ttf in Resources */ = {isa = PBXBuildFile; fileRef = BB24893D28B76F60007D7523 /* Formula1-Regular.ttf */; };
/* End PBXBuildFile section */

/* Begin PBXFileReference section */
		BB2462FD28B636C20016DC4C /* f1 2022 driver.app */ = {isa = PBXFileReference; explicitFileType = wrapper.application; includeInIndex = 0; path = "f1 2022 driver.app"; sourceTree = BUILT_PRODUCTS_DIR; };
		BB24630028B636C20016DC4C /* AppDelegate.swift */ = {isa = PBXFileReference; lastKnownFileType = sourcecode.swift; path = AppDelegate.swift; sourceTree = "<group>"; };
		BB24630228B636C20016DC4C /* SceneDelegate.swift */ = {isa = PBXFileReference; lastKnownFileType = sourcecode.swift; path = SceneDelegate.swift; sourceTree = "<group>"; };
		BB24630428B636C20016DC4C /* ViewController.swift */ = {isa = PBXFileReference; lastKnownFileType = sourcecode.swift; path = ViewController.swift; sourceTree = "<group>"; };
		BB24630728B636C20016DC4C /* Base */ = {isa = PBXFileReference; lastKnownFileType = file.storyboard; name = Base; path = Base.lproj/Main.storyboard; sourceTree = "<group>"; };
		BB24630928B636C30016DC4C /* Assets.xcassets */ = {isa = PBXFileReference; lastKnownFileType = folder.assetcatalog; path = Assets.xcassets; sourceTree = "<group>"; };
		BB24630C28B636C30016DC4C /* Base */ = {isa = PBXFileReference; lastKnownFileType = file.storyboard; name = Base; path = Base.lproj/LaunchScreen.storyboard; sourceTree = "<group>"; };
		BB24630E28B636C30016DC4C /* Info.plist */ = {isa = PBXFileReference; lastKnownFileType = text.plist.xml; path = Info.plist; sourceTree = "<group>"; };
		BB24893C28B76F60007D7523 /* Formula1-Bold.ttf */ = {isa = PBXFileReference; lastKnownFileType = file; path = "Formula1-Bold.ttf"; sourceTree = "<group>"; };
		BB24893D28B76F60007D7523 /* Formula1-Regular.ttf */ = {isa = PBXFileReference; lastKnownFileType = file; path = "Formula1-Regular.ttf"; sourceTree = "<group>"; };
/* End PBXFileReference section */

/* Begin PBXFrameworksBuildPhase section */
		BB2462FA28B636C20016DC4C /* Frameworks */ = {
			isa = PBXFrameworksBuildPhase;
			buildActionMask = 2147483647;
			files = (
			);
			runOnlyForDeploymentPostprocessing = 0;
		};
/* End PBXFrameworksBuildPhase section */

/* Begin PBXGroup section */
		BB2462F428B636C20016DC4C = {
			isa = PBXGroup;
			children = (
				BB2462FF28B636C20016DC4C /* f1 2022 driver */,
				BB2462FE28B636C20016DC4C /* Products */,
			);
			sourceTree = "<group>";
		};
		BB2462FE28B636C20016DC4C /* Products */ = {
			isa = PBXGroup;
			children = (
				BB2462FD28B636C20016DC4C /* f1 2022 driver.app */,
			);
			name = Products;
			sourceTree = "<group>";
		};
		BB2462FF28B636C20016DC4C /* f1 2022 driver */ = {
			isa = PBXGroup;
			children = (
				BB24893C28B76F60007D7523 /* Formula1-Bold.ttf */,
				BB24893D28B76F60007D7523 /* Formula1-Regular.ttf */,
				BB24630028B636C20016DC4C /* AppDelegate.swift */,
				BB24630228B636C20016DC4C /* SceneDelegate.swift */,
				BB24630428B636C20016DC4C /* ViewController.swift */,
				BB24630628B636C20016DC4C /* Main.storyboard */,
				BB24630928B636C30016DC4C /* Assets.xcassets */,
				BB24630B28B636C30016DC4C /* LaunchScreen.storyboard */,
				BB24630E28B636C30016DC4C /* Info.plist */,
			);
			path = "f1 2022 driver";
			sourceTree = "<group>";
		};
/* End PBXGroup section */

/* Begin PBXNativeTarget section */
		BB2462FC28B636C20016DC4C /* f1 2022 driver */ = {
			isa = PBXNativeTarget;
			buildConfigurationList = BB24631128B636C30016DC4C /* Build configuration list for PBXNativeTarget "f1 2022 driver" */;
			buildPhases = (
				BB2462F928B636C20016DC4C /* Sources */,
				BB2462FA28B636C20016DC4C /* Frameworks */,
				BB2462FB28B636C20016DC4C /* Resources */,
			);
			buildRules = (
			);
			dependencies = (
			);
			name = "f1 2022 driver";
			productName = "f1 2022 driver";
			productReference = BB2462FD28B636C20016DC4C /* f1 2022 driver.app */;
			productType = "com.apple.product-type.application";
		};
/* End PBXNativeTarget section */

/* Begin PBXProject section */
		BB2462F528B636C20016DC4C /* Project object */ = {
			isa = PBXProject;
			attributes = {
				BuildIndependentTargetsInParallel = 1;
				LastSwiftUpdateCheck = 1400;
				LastUpgradeCheck = 1400;
				TargetAttributes = {
					BB2462FC28B636C20016DC4C = {
						CreatedOnToolsVersion = 14.0;
					};
				};
			};
			buildConfigurationList = BB2462F828B636C20016DC4C /* Build configuration list for PBXProject "f1 2022 driver" */;
			compatibilityVersion = "Xcode 14.0";
			developmentRegion = en;
			hasScannedForEncodings = 0;
			knownRegions = (
				en,
				Base,
			);
			mainGroup = BB2462F428B636C20016DC4C;
			productRefGroup = BB2462FE28B636C20016DC4C /* Products */;
			projectDirPath = "";
			projectRoot = "";
			targets = (
				BB2462FC28B636C20016DC4C /* f1 2022 driver */,
			);
		};
/* End PBXProject section */

/* Begin PBXResourcesBuildPhase section */
		BB2462FB28B636C20016DC4C /* Resources */ = {
			isa = PBXResourcesBuildPhase;
			buildActionMask = 2147483647;
			files = (
				BB24630D28B636C30016DC4C /* LaunchScreen.storyboard in Resources */,
				BB24893F28B76F60007D7523 /* Formula1-Regular.ttf in Resources */,
				BB24630A28B636C30016DC4C /* Assets.xcassets in Resources */,
				BB24893E28B76F60007D7523 /* Formula1-Bold.ttf in Resources */,
				BB24630828B636C20016DC4C /* Main.storyboard in Resources */,
			);
			runOnlyForDeploymentPostprocessing = 0;
		};
/* End PBXResourcesBuildPhase section */

/* Begin PBXSourcesBuildPhase section */
		BB2462F928B636C20016DC4C /* Sources */ = {
			isa = PBXSourcesBuildPhase;
			buildActionMask = 2147483647;
			files = (
				BB24630528B636C20016DC4C /* ViewController.swift in Sources */,
				BB24630128B636C20016DC4C /* AppDelegate.swift in Sources */,
				BB24630328B636C20016DC4C /* SceneDelegate.swift in Sources */,
			);
			runOnlyForDeploymentPostprocessing = 0;
		};
/* End PBXSourcesBuildPhase section */

/* Begin PBXVariantGroup section */
		BB24630628B636C20016DC4C /* Main.storyboard */ = {
			isa = PBXVariantGroup;
			children = (
				BB24630728B636C20016DC4C /* Base */,
			);
			name = Main.storyboard;
			sourceTree = "<group>";
		};
		BB24630B28B636C30016DC4C /* LaunchScreen.storyboard */ = {
			isa = PBXVariantGroup;
			children = (
				BB24630C28B636C30016DC4C /* Base */,
			);
			name = LaunchScreen.storyboard;
			sourceTree = "<group>";
		};
/* End PBXVariantGroup section */

/* Begin XCBuildConfiguration section */
		BB24630F28B636C30016DC4C /* Debug */ = {
			isa = XCBuildConfiguration;
			buildSettings = {
				ALWAYS_SEARCH_USER_PATHS = NO;
				CLANG_ANALYZER_NONNULL = YES;
				CLANG_ANALYZER_NUMBER_OBJECT_CONVERSION = YES_AGGRESSIVE;
				CLANG_CXX_LANGUAGE_STANDARD = "gnu++20";
				CLANG_ENABLE_MODULES = YES;
				CLANG_ENABLE_OBJC_ARC = YES;
				CLANG_ENABLE_OBJC_WEAK = YES;
				CLANG_WARN_BLOCK_CAPTURE_AUTORELEASING = YES;
				CLANG_WARN_BOOL_CONVERSION = YES;
				CLANG_WARN_COMMA = YES;
				CLANG_WARN_CONSTANT_CONVERSION = YES;
				CLANG_WARN_DEPRECATED_OBJC_IMPLEMENTATIONS = YES;
				CLANG_WARN_DIRECT_OBJC_ISA_USAGE = YES_ERROR;
				CLANG_WARN_DOCUMENTATION_COMMENTS = YES;
				CLANG_WARN_EMPTY_BODY = YES;
				CLANG_WARN_ENUM_CONVERSION = YES;
				CLANG_WARN_INFINITE_RECURSION = YES;
				CLANG_WARN_INT_CONVERSION = YES;
				CLANG_WARN_NON_LITERAL_NULL_CONVERSION = YES;
				CLANG_WARN_OBJC_IMPLICIT_RETAIN_SELF = YES;
				CLANG_WARN_OBJC_LITERAL_CONVERSION = YES;
				CLANG_WARN_OBJC_ROOT_CLASS = YES_ERROR;
				CLANG_WARN_QUOTED_INCLUDE_IN_FRAMEWORK_HEADER = YES;
				CLANG_WARN_RANGE_LOOP_ANALYSIS = YES;
				CLANG_WARN_STRICT_PROTOTYPES = YES;
				CLANG_WARN_SUSPICIOUS_MOVE = YES;
				CLANG_WARN_UNGUARDED_AVAILABILITY = YES_AGGRESSIVE;
				CLANG_WARN_UNREACHABLE_CODE = YES;
				CLANG_WARN__DUPLICATE_METHOD_MATCH = YES;
				COPY_PHASE_STRIP = NO;
				DEBUG_INFORMATION_FORMAT = dwarf;
				ENABLE_STRICT_OBJC_MSGSEND = YES;
				ENABLE_TESTABILITY = YES;
				GCC_C_LANGUAGE_STANDARD = gnu11;
				GCC_DYNAMIC_NO_PIC = NO;
				GCC_NO_COMMON_BLOCKS = YES;
				GCC_OPTIMIZATION_LEVEL = 0;
				GCC_PREPROCESSOR_DEFINITIONS = (
					"DEBUG=1",
					"$(inherited)",
				);
				GCC_WARN_64_TO_32_BIT_CONVERSION = YES;
				GCC_WARN_ABOUT_RETURN_TYPE = YES_ERROR;
				GCC_WARN_UNDECLARED_SELECTOR = YES;
				GCC_WARN_UNINITIALIZED_AUTOS = YES_AGGRESSIVE;
				GCC_WARN_UNUSED_FUNCTION = YES;
				GCC_WARN_UNUSED_VARIABLE = YES;
				IPHONEOS_DEPLOYMENT_TARGET = 15.1;
				MTL_ENABLE_DEBUG_INFO = INCLUDE_SOURCE;
				MTL_FAST_MATH = YES;
				ONLY_ACTIVE_ARCH = YES;
				SDKROOT = iphoneos;
				SWIFT_ACTIVE_COMPILATION_CONDITIONS = DEBUG;
				SWIFT_OPTIMIZATION_LEVEL = "-Onone";
			};
			name = Debug;
		};
		BB24631028B636C30016DC4C /* Release */ = {
			isa = XCBuildConfiguration;
			buildSettings = {
				ALWAYS_SEARCH_USER_PATHS = NO;
				CLANG_ANALYZER_NONNULL = YES;
				CLANG_ANALYZER_NUMBER_OBJECT_CONVERSION = YES_AGGRESSIVE;
				CLANG_CXX_LANGUAGE_STANDARD = "gnu++20";
				CLANG_ENABLE_MODULES = YES;
				CLANG_ENABLE_OBJC_ARC = YES;
				CLANG_ENABLE_OBJC_WEAK = YES;
				CLANG_WARN_BLOCK_CAPTURE_AUTORELEASING = YES;
				CLANG_WARN_BOOL_CONVERSION = YES;
				CLANG_WARN_COMMA = YES;
				CLANG_WARN_CONSTANT_CONVERSION = YES;
				CLANG_WARN_DEPRECATED_OBJC_IMPLEMENTATIONS = YES;
				CLANG_WARN_DIRECT_OBJC_ISA_USAGE = YES_ERROR;
				CLANG_WARN_DOCUMENTATION_COMMENTS = YES;
				CLANG_WARN_EMPTY_BODY = YES;
				CLANG_WARN_ENUM_CONVERSION = YES;
				CLANG_WARN_INFINITE_RECURSION = YES;
				CLANG_WARN_INT_CONVERSION = YES;
				CLANG_WARN_NON_LITERAL_NULL_CONVERSION = YES;
				CLANG_WARN_OBJC_IMPLICIT_RETAIN_SELF = YES;
				CLANG_WARN_OBJC_LITERAL_CONVERSION = YES;
				CLANG_WARN_OBJC_ROOT_CLASS = YES_ERROR;
				CLANG_WARN_QUOTED_INCLUDE_IN_FRAMEWORK_HEADER = YES;
				CLANG_WARN_RANGE_LOOP_ANALYSIS = YES;
				CLANG_WARN_STRICT_PROTOTYPES = YES;
				CLANG_WARN_SUSPICIOUS_MOVE = YES;
				CLANG_WARN_UNGUARDED_AVAILABILITY = YES_AGGRESSIVE;
				CLANG_WARN_UNREACHABLE_CODE = YES;
				CLANG_WARN__DUPLICATE_METHOD_MATCH = YES;
				COPY_PHASE_STRIP = NO;
				DEBUG_INFORMATION_FORMAT = "dwarf-with-dsym";
				ENABLE_NS_ASSERTIONS = NO;
				ENABLE_STRICT_OBJC_MSGSEND = YES;
				GCC_C_LANGUAGE_STANDARD = gnu11;
				GCC_NO_COMMON_BLOCKS = YES;
				GCC_WARN_64_TO_32_BIT_CONVERSION = YES;
				GCC_WARN_ABOUT_RETURN_TYPE = YES_ERROR;
				GCC_WARN_UNDECLARED_SELECTOR = YES;
				GCC_WARN_UNINITIALIZED_AUTOS = YES_AGGRESSIVE;
				GCC_WARN_UNUSED_FUNCTION = YES;
				GCC_WARN_UNUSED_VARIABLE = YES;
				IPHONEOS_DEPLOYMENT_TARGET = 15.1;
				MTL_ENABLE_DEBUG_INFO = NO;
				MTL_FAST_MATH = YES;
				SDKROOT = iphoneos;
				SWIFT_COMPILATION_MODE = wholemodule;
				SWIFT_OPTIMIZATION_LEVEL = "-O";
				VALIDATE_PRODUCT = YES;
			};
			name = Release;
		};
		BB24631228B636C30016DC4C /* Debug */ = {
			isa = XCBuildConfiguration;
			buildSettings = {
				ASSETCATALOG_COMPILER_APPICON_NAME = AppIcon;
				ASSETCATALOG_COMPILER_GLOBAL_ACCENT_COLOR_NAME = AccentColor;
				CODE_SIGN_STYLE = Automatic;
				CURRENT_PROJECT_VERSION = 1;
				DEVELOPMENT_TEAM = 9A828DBKJV;
				GENERATE_INFOPLIST_FILE = YES;
				INFOPLIST_FILE = "f1 2022 driver/Info.plist";
				INFOPLIST_KEY_UIApplicationSupportsIndirectInputEvents = YES;
				INFOPLIST_KEY_UILaunchStoryboardName = LaunchScreen;
				INFOPLIST_KEY_UIMainStoryboardFile = Main;
				INFOPLIST_KEY_UISupportedInterfaceOrientations_iPad = "UIInterfaceOrientationPortrait UIInterfaceOrientationPortraitUpsideDown UIInterfaceOrientationLandscapeLeft UIInterfaceOrientationLandscapeRight";
				INFOPLIST_KEY_UISupportedInterfaceOrientations_iPhone = "UIInterfaceOrientationPortrait UIInterfaceOrientationLandscapeLeft UIInterfaceOrientationLandscapeRight";
				LD_RUNPATH_SEARCH_PATHS = (
					"$(inherited)",
					"@executable_path/Frameworks",
				);
				MARKETING_VERSION = 1.0;
				PRODUCT_BUNDLE_IDENTIFIER = "jubehuang.com.f1-2022-driver";
				PRODUCT_NAME = "$(TARGET_NAME)";
				SWIFT_EMIT_LOC_STRINGS = YES;
				SWIFT_VERSION = 5.0;
				TARGETED_DEVICE_FAMILY = "1,2";
			};
			name = Debug;
		};
		BB24631328B636C30016DC4C /* Release */ = {
			isa = XCBuildConfiguration;
			buildSettings = {
				ASSETCATALOG_COMPILER_APPICON_NAME = AppIcon;
				ASSETCATALOG_COMPILER_GLOBAL_ACCENT_COLOR_NAME = AccentColor;
				CODE_SIGN_STYLE = Automatic;
				CURRENT_PROJECT_VERSION = 1;
				DEVELOPMENT_TEAM = 9A828DBKJV;
				GENERATE_INFOPLIST_FILE = YES;
				INFOPLIST_FILE = "f1 2022 driver/Info.plist";
				INFOPLIST_KEY_UIApplicationSupportsIndirectInputEvents = YES;
				INFOPLIST_KEY_UILaunchStoryboardName = LaunchScreen;
				INFOPLIST_KEY_UIMainStoryboardFile = Main;
				INFOPLIST_KEY_UISupportedInterfaceOrientations_iPad = "UIInterfaceOrientationPortrait UIInterfaceOrientationPortraitUpsideDown UIInterfaceOrientationLandscapeLeft UIInterfaceOrientationLandscapeRight";
				INFOPLIST_KEY_UISupportedInterfaceOrientations_iPhone = "UIInterfaceOrientationPortrait UIInterfaceOrientationLandscapeLeft UIInterfaceOrientationLandscapeRight";
				LD_RUNPATH_SEARCH_PATHS = (
					"$(inherited)",
					"@executable_path/Frameworks",
				);
				MARKETING_VERSION = 1.0;
				PRODUCT_BUNDLE_IDENTIFIER = "jubehuang.com.f1-2022-driver";
				PRODUCT_NAME = "$(TARGET_NAME)";
				SWIFT_EMIT_LOC_STRINGS = YES;
				SWIFT_VERSION = 5.0;
				TARGETED_DEVICE_FAMILY = "1,2";
			};
			name = Release;
		};
/* End XCBuildConfiguration section */

/* Begin XCConfigurationList section */
		BB2462F828B636C20016DC4C /* Build configuration list for PBXProject "f1 2022 driver" */ = {
			isa = XCConfigurationList;
			buildConfigurations = (
				BB24630F28B636C30016DC4C /* Debug */,
				BB24631028B636C30016DC4C /* Release */,
			);
			defaultConfigurationIsVisible = 0;
			defaultConfigurationName = Release;
		};
		BB24631128B636C30016DC4C /* Build configuration list for PBXNativeTarget "f1 2022 driver" */ = {
			isa = XCConfigurationList;
			buildConfigurations = (
				BB24631228B636C30016DC4C /* Debug */,
				BB24631328B636C30016DC4C /* Release */,
			);
			defaultConfigurationIsVisible = 0;
			defaultConfigurationName = Release;
		};
/* End XCConfigurationList section */
	};
	rootObject = BB2462F528B636C20016DC4C /* Project object */;
}
